// !$*UTF8*$!
{
	archiveVersion = 1;
	classes = {
	};
	objectVersion = 55;
	objects = {

/* Begin PBXBuildFile section */
		84A6AE03281BF46900487733 /* AppDelegate.swift in Sources */ = {isa = PBXBuildFile; fileRef = 84A6AE02281BF46900487733 /* AppDelegate.swift */; };
		84A6AE05281BF46900487733 /* SceneDelegate.swift in Sources */ = {isa = PBXBuildFile; fileRef = 84A6AE04281BF46900487733 /* SceneDelegate.swift */; };
		84A6AE07281BF46900487733 /* ConversationsViewController.swift in Sources */ = {isa = PBXBuildFile; fileRef = 84A6AE06281BF46900487733 /* ConversationsViewController.swift */; };
		84A6AE0A281BF46900487733 /* Main.storyboard in Resources */ = {isa = PBXBuildFile; fileRef = 84A6AE08281BF46900487733 /* Main.storyboard */; };
		84A6AE0D281BF46900487733 /* Messenger.xcdatamodeld in Sources */ = {isa = PBXBuildFile; fileRef = 84A6AE0B281BF46900487733 /* Messenger.xcdatamodeld */; };
		84A6AE0F281BF46F00487733 /* Assets.xcassets in Resources */ = {isa = PBXBuildFile; fileRef = 84A6AE0E281BF46F00487733 /* Assets.xcassets */; };
		84A6AE12281BF46F00487733 /* LaunchScreen.storyboard in Resources */ = {isa = PBXBuildFile; fileRef = 84A6AE10281BF46F00487733 /* LaunchScreen.storyboard */; };
		84A6AE1D281BF46F00487733 /* MessengerTests.swift in Sources */ = {isa = PBXBuildFile; fileRef = 84A6AE1C281BF46F00487733 /* MessengerTests.swift */; };
		84A6AE27281BF46F00487733 /* MessengerUITests.swift in Sources */ = {isa = PBXBuildFile; fileRef = 84A6AE26281BF46F00487733 /* MessengerUITests.swift */; };
		84A6AE29281BF46F00487733 /* MessengerUITestsLaunchTests.swift in Sources */ = {isa = PBXBuildFile; fileRef = 84A6AE28281BF46F00487733 /* MessengerUITestsLaunchTests.swift */; };
		84A6AE3E281BFB4500487733 /* RegisterViewController.swift in Sources */ = {isa = PBXBuildFile; fileRef = 84A6AE3D281BFB4500487733 /* RegisterViewController.swift */; };
		84A6AE40281BFB6600487733 /* LoginViewController.swift in Sources */ = {isa = PBXBuildFile; fileRef = 84A6AE3F281BFB6600487733 /* LoginViewController.swift */; };
		84A6AE42281BFBB700487733 /* PhotoViewViewController.swift in Sources */ = {isa = PBXBuildFile; fileRef = 84A6AE41281BFBB700487733 /* PhotoViewViewController.swift */; };
		84A6AE44281BFBC800487733 /* VideoPlayerViewController.swift in Sources */ = {isa = PBXBuildFile; fileRef = 84A6AE43281BFBC800487733 /* VideoPlayerViewController.swift */; };
		84A6AE46281BFC1800487733 /* NewConversationViewController.swift in Sources */ = {isa = PBXBuildFile; fileRef = 84A6AE45281BFC1800487733 /* NewConversationViewController.swift */; };
		84A6AE48281BFC2D00487733 /* ProfileViewController.swift in Sources */ = {isa = PBXBuildFile; fileRef = 84A6AE47281BFC2D00487733 /* ProfileViewController.swift */; };
		84A6AE4B281C0DE600487733 /* Extensions.swift in Sources */ = {isa = PBXBuildFile; fileRef = 84A6AE4A281C0DE600487733 /* Extensions.swift */; };
/* End PBXBuildFile section */

/* Begin PBXContainerItemProxy section */
		84A6AE19281BF46F00487733 /* PBXContainerItemProxy */ = {
			isa = PBXContainerItemProxy;
			containerPortal = 84A6ADF7281BF46900487733 /* Project object */;
			proxyType = 1;
			remoteGlobalIDString = 84A6ADFE281BF46900487733;
			remoteInfo = Messenger;
		};
		84A6AE23281BF46F00487733 /* PBXContainerItemProxy */ = {
			isa = PBXContainerItemProxy;
			containerPortal = 84A6ADF7281BF46900487733 /* Project object */;
			proxyType = 1;
			remoteGlobalIDString = 84A6ADFE281BF46900487733;
			remoteInfo = Messenger;
		};
/* End PBXContainerItemProxy section */

/* Begin PBXFileReference section */
		84A6ADFF281BF46900487733 /* Messenger.app */ = {isa = PBXFileReference; explicitFileType = wrapper.application; includeInIndex = 0; path = Messenger.app; sourceTree = BUILT_PRODUCTS_DIR; };
		84A6AE02281BF46900487733 /* AppDelegate.swift */ = {isa = PBXFileReference; lastKnownFileType = sourcecode.swift; path = AppDelegate.swift; sourceTree = "<group>"; };
		84A6AE04281BF46900487733 /* SceneDelegate.swift */ = {isa = PBXFileReference; lastKnownFileType = sourcecode.swift; path = SceneDelegate.swift; sourceTree = "<group>"; };
		84A6AE06281BF46900487733 /* ConversationsViewController.swift */ = {isa = PBXFileReference; lastKnownFileType = sourcecode.swift; path = ConversationsViewController.swift; sourceTree = "<group>"; };
		84A6AE09281BF46900487733 /* Base */ = {isa = PBXFileReference; lastKnownFileType = file.storyboard; name = Base; path = Base.lproj/Main.storyboard; sourceTree = "<group>"; };
		84A6AE0C281BF46900487733 /* Messenger.xcdatamodel */ = {isa = PBXFileReference; lastKnownFileType = wrapper.xcdatamodel; path = Messenger.xcdatamodel; sourceTree = "<group>"; };
		84A6AE0E281BF46F00487733 /* Assets.xcassets */ = {isa = PBXFileReference; lastKnownFileType = folder.assetcatalog; path = Assets.xcassets; sourceTree = "<group>"; };
		84A6AE11281BF46F00487733 /* Base */ = {isa = PBXFileReference; lastKnownFileType = file.storyboard; name = Base; path = Base.lproj/LaunchScreen.storyboard; sourceTree = "<group>"; };
		84A6AE13281BF46F00487733 /* Info.plist */ = {isa = PBXFileReference; lastKnownFileType = text.plist.xml; path = Info.plist; sourceTree = "<group>"; };
		84A6AE18281BF46F00487733 /* MessengerTests.xctest */ = {isa = PBXFileReference; explicitFileType = wrapper.cfbundle; includeInIndex = 0; path = MessengerTests.xctest; sourceTree = BUILT_PRODUCTS_DIR; };
		84A6AE1C281BF46F00487733 /* MessengerTests.swift */ = {isa = PBXFileReference; lastKnownFileType = sourcecode.swift; path = MessengerTests.swift; sourceTree = "<group>"; };
		84A6AE22281BF46F00487733 /* MessengerUITests.xctest */ = {isa = PBXFileReference; explicitFileType = wrapper.cfbundle; includeInIndex = 0; path = MessengerUITests.xctest; sourceTree = BUILT_PRODUCTS_DIR; };
		84A6AE26281BF46F00487733 /* MessengerUITests.swift */ = {isa = PBXFileReference; lastKnownFileType = sourcecode.swift; path = MessengerUITests.swift; sourceTree = "<group>"; };
		84A6AE28281BF46F00487733 /* MessengerUITestsLaunchTests.swift */ = {isa = PBXFileReference; lastKnownFileType = sourcecode.swift; path = MessengerUITestsLaunchTests.swift; sourceTree = "<group>"; };
		84A6AE3D281BFB4500487733 /* RegisterViewController.swift */ = {isa = PBXFileReference; lastKnownFileType = sourcecode.swift; path = RegisterViewController.swift; sourceTree = "<group>"; };
		84A6AE3F281BFB6600487733 /* LoginViewController.swift */ = {isa = PBXFileReference; lastKnownFileType = sourcecode.swift; path = LoginViewController.swift; sourceTree = "<group>"; };
		84A6AE41281BFBB700487733 /* PhotoViewViewController.swift */ = {isa = PBXFileReference; lastKnownFileType = sourcecode.swift; path = PhotoViewViewController.swift; sourceTree = "<group>"; };
		84A6AE43281BFBC800487733 /* VideoPlayerViewController.swift */ = {isa = PBXFileReference; lastKnownFileType = sourcecode.swift; path = VideoPlayerViewController.swift; sourceTree = "<group>"; };
		84A6AE45281BFC1800487733 /* NewConversationViewController.swift */ = {isa = PBXFileReference; lastKnownFileType = sourcecode.swift; path = NewConversationViewController.swift; sourceTree = "<group>"; };
		84A6AE47281BFC2D00487733 /* ProfileViewController.swift */ = {isa = PBXFileReference; lastKnownFileType = sourcecode.swift; path = ProfileViewController.swift; sourceTree = "<group>"; };
		84A6AE4A281C0DE600487733 /* Extensions.swift */ = {isa = PBXFileReference; lastKnownFileType = sourcecode.swift; path = Extensions.swift; sourceTree = "<group>"; };
/* End PBXFileReference section */

/* Begin PBXFrameworksBuildPhase section */
		84A6ADFC281BF46900487733 /* Frameworks */ = {
			isa = PBXFrameworksBuildPhase;
			buildActionMask = 2147483647;
			files = (
			);
			runOnlyForDeploymentPostprocessing = 0;
		};
		84A6AE15281BF46F00487733 /* Frameworks */ = {
			isa = PBXFrameworksBuildPhase;
			buildActionMask = 2147483647;
			files = (
			);
			runOnlyForDeploymentPostprocessing = 0;
		};
		84A6AE1F281BF46F00487733 /* Frameworks */ = {
			isa = PBXFrameworksBuildPhase;
			buildActionMask = 2147483647;
			files = (
			);
			runOnlyForDeploymentPostprocessing = 0;
		};
/* End PBXFrameworksBuildPhase section */

/* Begin PBXGroup section */
		84A6ADF6281BF46900487733 = {
			isa = PBXGroup;
			children = (
				84A6AE01281BF46900487733 /* Messenger */,
				84A6AE1B281BF46F00487733 /* MessengerTests */,
				84A6AE25281BF46F00487733 /* MessengerUITests */,
				84A6AE00281BF46900487733 /* Products */,
			);
			sourceTree = "<group>";
		};
		84A6AE00281BF46900487733 /* Products */ = {
			isa = PBXGroup;
			children = (
				84A6ADFF281BF46900487733 /* Messenger.app */,
				84A6AE18281BF46F00487733 /* MessengerTests.xctest */,
				84A6AE22281BF46F00487733 /* MessengerUITests.xctest */,
			);
			name = Products;
			sourceTree = "<group>";
		};
		84A6AE01281BF46900487733 /* Messenger */ = {
			isa = PBXGroup;
			children = (
				84A6AE39281BF8B100487733 /* Resources */,
				84A6AE38281BF8A300487733 /* ViewModels */,
				84A6AE37281BF89400487733 /* Models */,
				84A6AE36281BF86900487733 /* Views */,
				84A6AE35281BF7FD00487733 /* Controllers */,
				84A6AE13281BF46F00487733 /* Info.plist */,
				84A6AE0B281BF46900487733 /* Messenger.xcdatamodeld */,
			);
			path = Messenger;
			sourceTree = "<group>";
		};
		84A6AE1B281BF46F00487733 /* MessengerTests */ = {
			isa = PBXGroup;
			children = (
				84A6AE1C281BF46F00487733 /* MessengerTests.swift */,
			);
			path = MessengerTests;
			sourceTree = "<group>";
		};
		84A6AE25281BF46F00487733 /* MessengerUITests */ = {
			isa = PBXGroup;
			children = (
				84A6AE26281BF46F00487733 /* MessengerUITests.swift */,
				84A6AE28281BF46F00487733 /* MessengerUITestsLaunchTests.swift */,
			);
			path = MessengerUITests;
			sourceTree = "<group>";
		};
		84A6AE35281BF7FD00487733 /* Controllers */ = {
			isa = PBXGroup;
			children = (
				84A6AE06281BF46900487733 /* ConversationsViewController.swift */,
				84A6AE49281C032F00487733 /* Login */,
				84A6AE41281BFBB700487733 /* PhotoViewViewController.swift */,
				84A6AE43281BFBC800487733 /* VideoPlayerViewController.swift */,
				84A6AE45281BFC1800487733 /* NewConversationViewController.swift */,
				84A6AE47281BFC2D00487733 /* ProfileViewController.swift */,
			);
			path = Controllers;
			sourceTree = "<group>";
		};
		84A6AE36281BF86900487733 /* Views */ = {
			isa = PBXGroup;
			children = (
				84A6AE3A281BF94E00487733 /* Storyboards */,
				84A6AE0E281BF46F00487733 /* Assets.xcassets */,
			);
			path = Views;
			sourceTree = "<group>";
		};
		84A6AE37281BF89400487733 /* Models */ = {
			isa = PBXGroup;
			children = (
			);
			path = Models;
			sourceTree = "<group>";
		};
		84A6AE38281BF8A300487733 /* ViewModels */ = {
			isa = PBXGroup;
			children = (
			);
			path = ViewModels;
			sourceTree = "<group>";
		};
		84A6AE39281BF8B100487733 /* Resources */ = {
			isa = PBXGroup;
			children = (
				84A6AE04281BF46900487733 /* SceneDelegate.swift */,
				84A6AE02281BF46900487733 /* AppDelegate.swift */,
				84A6AE4A281C0DE600487733 /* Extensions.swift */,
			);
			path = Resources;
			sourceTree = "<group>";
		};
		84A6AE3A281BF94E00487733 /* Storyboards */ = {
			isa = PBXGroup;
			children = (
				84A6AE08281BF46900487733 /* Main.storyboard */,
				84A6AE10281BF46F00487733 /* LaunchScreen.storyboard */,
			);
			path = Storyboards;
			sourceTree = "<group>";
		};
		84A6AE49281C032F00487733 /* Login */ = {
			isa = PBXGroup;
			children = (
				84A6AE3D281BFB4500487733 /* RegisterViewController.swift */,
				84A6AE3F281BFB6600487733 /* LoginViewController.swift */,
			);
			path = Login;
			sourceTree = "<group>";
		};
/* End PBXGroup section */

/* Begin PBXNativeTarget section */
		84A6ADFE281BF46900487733 /* Messenger */ = {
			isa = PBXNativeTarget;
			buildConfigurationList = 84A6AE2C281BF46F00487733 /* Build configuration list for PBXNativeTarget "Messenger" */;
			buildPhases = (
				84A6ADFB281BF46900487733 /* Sources */,
				84A6ADFC281BF46900487733 /* Frameworks */,
				84A6ADFD281BF46900487733 /* Resources */,
			);
			buildRules = (
			);
			dependencies = (
			);
			name = Messenger;
			productName = Messenger;
			productReference = 84A6ADFF281BF46900487733 /* Messenger.app */;
			productType = "com.apple.product-type.application";
		};
		84A6AE17281BF46F00487733 /* MessengerTests */ = {
			isa = PBXNativeTarget;
			buildConfigurationList = 84A6AE2F281BF46F00487733 /* Build configuration list for PBXNativeTarget "MessengerTests" */;
			buildPhases = (
				84A6AE14281BF46F00487733 /* Sources */,
				84A6AE15281BF46F00487733 /* Frameworks */,
				84A6AE16281BF46F00487733 /* Resources */,
			);
			buildRules = (
			);
			dependencies = (
				84A6AE1A281BF46F00487733 /* PBXTargetDependency */,
			);
			name = MessengerTests;
			productName = MessengerTests;
			productReference = 84A6AE18281BF46F00487733 /* MessengerTests.xctest */;
			productType = "com.apple.product-type.bundle.unit-test";
		};
		84A6AE21281BF46F00487733 /* MessengerUITests */ = {
			isa = PBXNativeTarget;
			buildConfigurationList = 84A6AE32281BF46F00487733 /* Build configuration list for PBXNativeTarget "MessengerUITests" */;
			buildPhases = (
				84A6AE1E281BF46F00487733 /* Sources */,
				84A6AE1F281BF46F00487733 /* Frameworks */,
				84A6AE20281BF46F00487733 /* Resources */,
			);
			buildRules = (
			);
			dependencies = (
				84A6AE24281BF46F00487733 /* PBXTargetDependency */,
			);
			name = MessengerUITests;
			productName = MessengerUITests;
			productReference = 84A6AE22281BF46F00487733 /* MessengerUITests.xctest */;
			productType = "com.apple.product-type.bundle.ui-testing";
		};
/* End PBXNativeTarget section */

/* Begin PBXProject section */
		84A6ADF7281BF46900487733 /* Project object */ = {
			isa = PBXProject;
			attributes = {
				BuildIndependentTargetsInParallel = 1;
				LastSwiftUpdateCheck = 1320;
				LastUpgradeCheck = 1320;
				TargetAttributes = {
					84A6ADFE281BF46900487733 = {
						CreatedOnToolsVersion = 13.2.1;
					};
					84A6AE17281BF46F00487733 = {
						CreatedOnToolsVersion = 13.2.1;
						TestTargetID = 84A6ADFE281BF46900487733;
					};
					84A6AE21281BF46F00487733 = {
						CreatedOnToolsVersion = 13.2.1;
						TestTargetID = 84A6ADFE281BF46900487733;
					};
				};
			};
			buildConfigurationList = 84A6ADFA281BF46900487733 /* Build configuration list for PBXProject "Messenger" */;
			compatibilityVersion = "Xcode 13.0";
			developmentRegion = en;
			hasScannedForEncodings = 0;
			knownRegions = (
				en,
				Base,
			);
			mainGroup = 84A6ADF6281BF46900487733;
			productRefGroup = 84A6AE00281BF46900487733 /* Products */;
			projectDirPath = "";
			projectRoot = "";
			targets = (
				84A6ADFE281BF46900487733 /* Messenger */,
				84A6AE17281BF46F00487733 /* MessengerTests */,
				84A6AE21281BF46F00487733 /* MessengerUITests */,
			);
		};
/* End PBXProject section */

/* Begin PBXResourcesBuildPhase section */
		84A6ADFD281BF46900487733 /* Resources */ = {
			isa = PBXResourcesBuildPhase;
			buildActionMask = 2147483647;
			files = (
				84A6AE12281BF46F00487733 /* LaunchScreen.storyboard in Resources */,
				84A6AE0F281BF46F00487733 /* Assets.xcassets in Resources */,
				84A6AE0A281BF46900487733 /* Main.storyboard in Resources */,
			);
			runOnlyForDeploymentPostprocessing = 0;
		};
		84A6AE16281BF46F00487733 /* Resources */ = {
			isa = PBXResourcesBuildPhase;
			buildActionMask = 2147483647;
			files = (
			);
			runOnlyForDeploymentPostprocessing = 0;
		};
		84A6AE20281BF46F00487733 /* Resources */ = {
			isa = PBXResourcesBuildPhase;
			buildActionMask = 2147483647;
			files = (
			);
			runOnlyForDeploymentPostprocessing = 0;
		};
/* End PBXResourcesBuildPhase section */

/* Begin PBXSourcesBuildPhase section */
		84A6ADFB281BF46900487733 /* Sources */ = {
			isa = PBXSourcesBuildPhase;
			buildActionMask = 2147483647;
			files = (
				84A6AE40281BFB6600487733 /* LoginViewController.swift in Sources */,
				84A6AE07281BF46900487733 /* ConversationsViewController.swift in Sources */,
				84A6AE48281BFC2D00487733 /* ProfileViewController.swift in Sources */,
				84A6AE03281BF46900487733 /* AppDelegate.swift in Sources */,
				84A6AE05281BF46900487733 /* SceneDelegate.swift in Sources */,
				84A6AE42281BFBB700487733 /* PhotoViewViewController.swift in Sources */,
				84A6AE44281BFBC800487733 /* VideoPlayerViewController.swift in Sources */,
				84A6AE46281BFC1800487733 /* NewConversationViewController.swift in Sources */,
				84A6AE3E281BFB4500487733 /* RegisterViewController.swift in Sources */,
				84A6AE4B281C0DE600487733 /* Extensions.swift in Sources */,
				84A6AE0D281BF46900487733 /* Messenger.xcdatamodeld in Sources */,
			);
			runOnlyForDeploymentPostprocessing = 0;
		};
		84A6AE14281BF46F00487733 /* Sources */ = {
			isa = PBXSourcesBuildPhase;
			buildActionMask = 2147483647;
			files = (
				84A6AE1D281BF46F00487733 /* MessengerTests.swift in Sources */,
			);
			runOnlyForDeploymentPostprocessing = 0;
		};
		84A6AE1E281BF46F00487733 /* Sources */ = {
			isa = PBXSourcesBuildPhase;
			buildActionMask = 2147483647;
			files = (
				84A6AE29281BF46F00487733 /* MessengerUITestsLaunchTests.swift in Sources */,
				84A6AE27281BF46F00487733 /* MessengerUITests.swift in Sources */,
			);
			runOnlyForDeploymentPostprocessing = 0;
		};
/* End PBXSourcesBuildPhase section */

/* Begin PBXTargetDependency section */
		84A6AE1A281BF46F00487733 /* PBXTargetDependency */ = {
			isa = PBXTargetDependency;
			target = 84A6ADFE281BF46900487733 /* Messenger */;
			targetProxy = 84A6AE19281BF46F00487733 /* PBXContainerItemProxy */;
		};
		84A6AE24281BF46F00487733 /* PBXTargetDependency */ = {
			isa = PBXTargetDependency;
			target = 84A6ADFE281BF46900487733 /* Messenger */;
			targetProxy = 84A6AE23281BF46F00487733 /* PBXContainerItemProxy */;
		};
/* End PBXTargetDependency section */

/* Begin PBXVariantGroup section */
		84A6AE08281BF46900487733 /* Main.storyboard */ = {
			isa = PBXVariantGroup;
			children = (
				84A6AE09281BF46900487733 /* Base */,
			);
			name = Main.storyboard;
			sourceTree = "<group>";
		};
		84A6AE10281BF46F00487733 /* LaunchScreen.storyboard */ = {
			isa = PBXVariantGroup;
			children = (
				84A6AE11281BF46F00487733 /* Base */,
			);
			name = LaunchScreen.storyboard;
			sourceTree = "<group>";
		};
/* End PBXVariantGroup section */

/* Begin XCBuildConfiguration section */
		84A6AE2A281BF46F00487733 /* Debug */ = {
			isa = XCBuildConfiguration;
			buildSettings = {
				ALWAYS_SEARCH_USER_PATHS = NO;
				CLANG_ANALYZER_NONNULL = YES;
				CLANG_ANALYZER_NUMBER_OBJECT_CONVERSION = YES_AGGRESSIVE;
				CLANG_CXX_LANGUAGE_STANDARD = "gnu++17";
				CLANG_CXX_LIBRARY = "libc++";
				CLANG_ENABLE_MODULES = YES;
				CLANG_ENABLE_OBJC_ARC = YES;
				CLANG_ENABLE_OBJC_WEAK = YES;
				CLANG_WARN_BLOCK_CAPTURE_AUTORELEASING = YES;
				CLANG_WARN_BOOL_CONVERSION = YES;
				CLANG_WARN_COMMA = YES;
				CLANG_WARN_CONSTANT_CONVERSION = YES;
				CLANG_WARN_DEPRECATED_OBJC_IMPLEMENTATIONS = YES;
				CLANG_WARN_DIRECT_OBJC_ISA_USAGE = YES_ERROR;
				CLANG_WARN_DOCUMENTATION_COMMENTS = YES;
				CLANG_WARN_EMPTY_BODY = YES;
				CLANG_WARN_ENUM_CONVERSION = YES;
				CLANG_WARN_INFINITE_RECURSION = YES;
				CLANG_WARN_INT_CONVERSION = YES;
				CLANG_WARN_NON_LITERAL_NULL_CONVERSION = YES;
				CLANG_WARN_OBJC_IMPLICIT_RETAIN_SELF = YES;
				CLANG_WARN_OBJC_LITERAL_CONVERSION = YES;
				CLANG_WARN_OBJC_ROOT_CLASS = YES_ERROR;
				CLANG_WARN_QUOTED_INCLUDE_IN_FRAMEWORK_HEADER = YES;
				CLANG_WARN_RANGE_LOOP_ANALYSIS = YES;
				CLANG_WARN_STRICT_PROTOTYPES = YES;
				CLANG_WARN_SUSPICIOUS_MOVE = YES;
				CLANG_WARN_UNGUARDED_AVAILABILITY = YES_AGGRESSIVE;
				CLANG_WARN_UNREACHABLE_CODE = YES;
				CLANG_WARN__DUPLICATE_METHOD_MATCH = YES;
				COPY_PHASE_STRIP = NO;
				DEBUG_INFORMATION_FORMAT = dwarf;
				ENABLE_STRICT_OBJC_MSGSEND = YES;
				ENABLE_TESTABILITY = YES;
				GCC_C_LANGUAGE_STANDARD = gnu11;
				GCC_DYNAMIC_NO_PIC = NO;
				GCC_NO_COMMON_BLOCKS = YES;
				GCC_OPTIMIZATION_LEVEL = 0;
				GCC_PREPROCESSOR_DEFINITIONS = (
					"DEBUG=1",
					"$(inherited)",
				);
				GCC_WARN_64_TO_32_BIT_CONVERSION = YES;
				GCC_WARN_ABOUT_RETURN_TYPE = YES_ERROR;
				GCC_WARN_UNDECLARED_SELECTOR = YES;
				GCC_WARN_UNINITIALIZED_AUTOS = YES_AGGRESSIVE;
				GCC_WARN_UNUSED_FUNCTION = YES;
				GCC_WARN_UNUSED_VARIABLE = YES;
				IPHONEOS_DEPLOYMENT_TARGET = 15.2;
				MTL_ENABLE_DEBUG_INFO = INCLUDE_SOURCE;
				MTL_FAST_MATH = YES;
				ONLY_ACTIVE_ARCH = YES;
				SDKROOT = iphoneos;
				SWIFT_ACTIVE_COMPILATION_CONDITIONS = DEBUG;
				SWIFT_OPTIMIZATION_LEVEL = "-Onone";
			};
			name = Debug;
		};
		84A6AE2B281BF46F00487733 /* Release */ = {
			isa = XCBuildConfiguration;
			buildSettings = {
				ALWAYS_SEARCH_USER_PATHS = NO;
				CLANG_ANALYZER_NONNULL = YES;
				CLANG_ANALYZER_NUMBER_OBJECT_CONVERSION = YES_AGGRESSIVE;
				CLANG_CXX_LANGUAGE_STANDARD = "gnu++17";
				CLANG_CXX_LIBRARY = "libc++";
				CLANG_ENABLE_MODULES = YES;
				CLANG_ENABLE_OBJC_ARC = YES;
				CLANG_ENABLE_OBJC_WEAK = YES;
				CLANG_WARN_BLOCK_CAPTURE_AUTORELEASING = YES;
				CLANG_WARN_BOOL_CONVERSION = YES;
				CLANG_WARN_COMMA = YES;
				CLANG_WARN_CONSTANT_CONVERSION = YES;
				CLANG_WARN_DEPRECATED_OBJC_IMPLEMENTATIONS = YES;
				CLANG_WARN_DIRECT_OBJC_ISA_USAGE = YES_ERROR;
				CLANG_WARN_DOCUMENTATION_COMMENTS = YES;
				CLANG_WARN_EMPTY_BODY = YES;
				CLANG_WARN_ENUM_CONVERSION = YES;
				CLANG_WARN_INFINITE_RECURSION = YES;
				CLANG_WARN_INT_CONVERSION = YES;
				CLANG_WARN_NON_LITERAL_NULL_CONVERSION = YES;
				CLANG_WARN_OBJC_IMPLICIT_RETAIN_SELF = YES;
				CLANG_WARN_OBJC_LITERAL_CONVERSION = YES;
				CLANG_WARN_OBJC_ROOT_CLASS = YES_ERROR;
				CLANG_WARN_QUOTED_INCLUDE_IN_FRAMEWORK_HEADER = YES;
				CLANG_WARN_RANGE_LOOP_ANALYSIS = YES;
				CLANG_WARN_STRICT_PROTOTYPES = YES;
				CLANG_WARN_SUSPICIOUS_MOVE = YES;
				CLANG_WARN_UNGUARDED_AVAILABILITY = YES_AGGRESSIVE;
				CLANG_WARN_UNREACHABLE_CODE = YES;
				CLANG_WARN__DUPLICATE_METHOD_MATCH = YES;
				COPY_PHASE_STRIP = NO;
				DEBUG_INFORMATION_FORMAT = "dwarf-with-dsym";
				ENABLE_NS_ASSERTIONS = NO;
				ENABLE_STRICT_OBJC_MSGSEND = YES;
				GCC_C_LANGUAGE_STANDARD = gnu11;
				GCC_NO_COMMON_BLOCKS = YES;
				GCC_WARN_64_TO_32_BIT_CONVERSION = YES;
				GCC_WARN_ABOUT_RETURN_TYPE = YES_ERROR;
				GCC_WARN_UNDECLARED_SELECTOR = YES;
				GCC_WARN_UNINITIALIZED_AUTOS = YES_AGGRESSIVE;
				GCC_WARN_UNUSED_FUNCTION = YES;
				GCC_WARN_UNUSED_VARIABLE = YES;
				IPHONEOS_DEPLOYMENT_TARGET = 15.2;
				MTL_ENABLE_DEBUG_INFO = NO;
				MTL_FAST_MATH = YES;
				SDKROOT = iphoneos;
				SWIFT_COMPILATION_MODE = wholemodule;
				SWIFT_OPTIMIZATION_LEVEL = "-O";
				VALIDATE_PRODUCT = YES;
			};
			name = Release;
		};
		84A6AE2D281BF46F00487733 /* Debug */ = {
			isa = XCBuildConfiguration;
			buildSettings = {
				ASSETCATALOG_COMPILER_APPICON_NAME = AppIcon;
				ASSETCATALOG_COMPILER_GLOBAL_ACCENT_COLOR_NAME = AccentColor;
				CODE_SIGN_STYLE = Automatic;
				CURRENT_PROJECT_VERSION = 1;
				DEVELOPMENT_TEAM = UKBNTL7HA9;
				GENERATE_INFOPLIST_FILE = YES;
				INFOPLIST_FILE = Messenger/Info.plist;
				INFOPLIST_KEY_NSCameraUsageDescription = "Access to camera is required to make your avatar";
				INFOPLIST_KEY_NSPhotoLibraryUsageDescription = "Acess to photos is required to send and store photos";
				INFOPLIST_KEY_UIApplicationSupportsIndirectInputEvents = YES;
				INFOPLIST_KEY_UILaunchStoryboardName = LaunchScreen;
				INFOPLIST_KEY_UIMainStoryboardFile = Main;
				INFOPLIST_KEY_UISupportedInterfaceOrientations = "UIInterfaceOrientationPortrait UIInterfaceOrientationPortraitUpsideDown";
				INFOPLIST_KEY_UISupportedInterfaceOrientations_iPad = "UIInterfaceOrientationPortrait UIInterfaceOrientationPortraitUpsideDown";
				INFOPLIST_KEY_UISupportedInterfaceOrientations_iPhone = "UIInterfaceOrientationPortrait UIInterfaceOrientationLandscapeLeft UIInterfaceOrientationLandscapeRight";
				IPHONEOS_DEPLOYMENT_TARGET = 14.5;
				LD_RUNPATH_SEARCH_PATHS = (
					"$(inherited)",
					"@executable_path/Frameworks",
				);
				MARKETING_VERSION = 1.0;
				PRODUCT_BUNDLE_IDENTIFIER = geomatix.cz.Messenger;
				PRODUCT_NAME = "$(TARGET_NAME)";
				SWIFT_EMIT_LOC_STRINGS = YES;
				SWIFT_VERSION = 5.0;
				TARGETED_DEVICE_FAMILY = "1,2";
			};
			name = Debug;
		};
		84A6AE2E281BF46F00487733 /* Release */ = {
			isa = XCBuildConfiguration;
			buildSettings = {
				ASSETCATALOG_COMPILER_APPICON_NAME = AppIcon;
				ASSETCATALOG_COMPILER_GLOBAL_ACCENT_COLOR_NAME = AccentColor;
				CODE_SIGN_STYLE = Automatic;
				CURRENT_PROJECT_VERSION = 1;
				DEVELOPMENT_TEAM = UKBNTL7HA9;
				GENERATE_INFOPLIST_FILE = YES;
				INFOPLIST_FILE = Messenger/Info.plist;
				INFOPLIST_KEY_NSCameraUsageDescription = "Access to camera is required to make your avatar";
				INFOPLIST_KEY_NSPhotoLibraryUsageDescription = "Acess to photos is required to send and store photos";
				INFOPLIST_KEY_UIApplicationSupportsIndirectInputEvents = YES;
				INFOPLIST_KEY_UILaunchStoryboardName = LaunchScreen;
				INFOPLIST_KEY_UIMainStoryboardFile = Main;
				INFOPLIST_KEY_UISupportedInterfaceOrientations = "UIInterfaceOrientationPortrait UIInterfaceOrientationPortraitUpsideDown";
				INFOPLIST_KEY_UISupportedInterfaceOrientations_iPad = "UIInterfaceOrientationPortrait UIInterfaceOrientationPortraitUpsideDown";
				INFOPLIST_KEY_UISupportedInterfaceOrientations_iPhone = "UIInterfaceOrientationPortrait UIInterfaceOrientationLandscapeLeft UIInterfaceOrientationLandscapeRight";
				IPHONEOS_DEPLOYMENT_TARGET = 14.5;
				LD_RUNPATH_SEARCH_PATHS = (
					"$(inherited)",
					"@executable_path/Frameworks",
				);
				MARKETING_VERSION = 1.0;
				PRODUCT_BUNDLE_IDENTIFIER = geomatix.cz.Messenger;
				PRODUCT_NAME = "$(TARGET_NAME)";
				SWIFT_EMIT_LOC_STRINGS = YES;
				SWIFT_VERSION = 5.0;
				TARGETED_DEVICE_FAMILY = "1,2";
			};
			name = Release;
		};
		84A6AE30281BF46F00487733 /* Debug */ = {
			isa = XCBuildConfiguration;
			buildSettings = {
				ALWAYS_EMBED_SWIFT_STANDARD_LIBRARIES = YES;
				BUNDLE_LOADER = "$(TEST_HOST)";
				CODE_SIGN_STYLE = Automatic;
				CURRENT_PROJECT_VERSION = 1;
				DEVELOPMENT_TEAM = UKBNTL7HA9;
				GENERATE_INFOPLIST_FILE = YES;
				IPHONEOS_DEPLOYMENT_TARGET = 15.2;
				MARKETING_VERSION = 1.0;
				PRODUCT_BUNDLE_IDENTIFIER = geomatix.cz.MessengerTests;
				PRODUCT_NAME = "$(TARGET_NAME)";
				SWIFT_EMIT_LOC_STRINGS = NO;
				SWIFT_VERSION = 5.0;
				TARGETED_DEVICE_FAMILY = "1,2";
				TEST_HOST = "$(BUILT_PRODUCTS_DIR)/Messenger.app/Messenger";
			};
			name = Debug;
		};
		84A6AE31281BF46F00487733 /* Release */ = {
			isa = XCBuildConfiguration;
			buildSettings = {
				ALWAYS_EMBED_SWIFT_STANDARD_LIBRARIES = YES;
				BUNDLE_LOADER = "$(TEST_HOST)";
				CODE_SIGN_STYLE = Automatic;
				CURRENT_PROJECT_VERSION = 1;
				DEVELOPMENT_TEAM = UKBNTL7HA9;
				GENERATE_INFOPLIST_FILE = YES;
				IPHONEOS_DEPLOYMENT_TARGET = 15.2;
				MARKETING_VERSION = 1.0;
				PRODUCT_BUNDLE_IDENTIFIER = geomatix.cz.MessengerTests;
				PRODUCT_NAME = "$(TARGET_NAME)";
				SWIFT_EMIT_LOC_STRINGS = NO;
				SWIFT_VERSION = 5.0;
				TARGETED_DEVICE_FAMILY = "1,2";
				TEST_HOST = "$(BUILT_PRODUCTS_DIR)/Messenger.app/Messenger";
			};
			name = Release;
		};
		84A6AE33281BF46F00487733 /* Debug */ = {
			isa = XCBuildConfiguration;
			buildSettings = {
				ALWAYS_EMBED_SWIFT_STANDARD_LIBRARIES = YES;
				CODE_SIGN_STYLE = Automatic;
				CURRENT_PROJECT_VERSION = 1;
				DEVELOPMENT_TEAM = UKBNTL7HA9;
				GENERATE_INFOPLIST_FILE = YES;
				MARKETING_VERSION = 1.0;
				PRODUCT_BUNDLE_IDENTIFIER = geomatix.cz.MessengerUITests;
				PRODUCT_NAME = "$(TARGET_NAME)";
				SWIFT_EMIT_LOC_STRINGS = NO;
				SWIFT_VERSION = 5.0;
				TARGETED_DEVICE_FAMILY = "1,2";
				TEST_TARGET_NAME = Messenger;
			};
			name = Debug;
		};
		84A6AE34281BF46F00487733 /* Release */ = {
			isa = XCBuildConfiguration;
			buildSettings = {
				ALWAYS_EMBED_SWIFT_STANDARD_LIBRARIES = YES;
				CODE_SIGN_STYLE = Automatic;
				CURRENT_PROJECT_VERSION = 1;
				DEVELOPMENT_TEAM = UKBNTL7HA9;
				GENERATE_INFOPLIST_FILE = YES;
				MARKETING_VERSION = 1.0;
				PRODUCT_BUNDLE_IDENTIFIER = geomatix.cz.MessengerUITests;
				PRODUCT_NAME = "$(TARGET_NAME)";
				SWIFT_EMIT_LOC_STRINGS = NO;
				SWIFT_VERSION = 5.0;
				TARGETED_DEVICE_FAMILY = "1,2";
				TEST_TARGET_NAME = Messenger;
			};
			name = Release;
		};
/* End XCBuildConfiguration section */

/* Begin XCConfigurationList section */
		84A6ADFA281BF46900487733 /* Build configuration list for PBXProject "Messenger" */ = {
			isa = XCConfigurationList;
			buildConfigurations = (
				84A6AE2A281BF46F00487733 /* Debug */,
				84A6AE2B281BF46F00487733 /* Release */,
			);
			defaultConfigurationIsVisible = 0;
			defaultConfigurationName = Release;
		};
		84A6AE2C281BF46F00487733 /* Build configuration list for PBXNativeTarget "Messenger" */ = {
			isa = XCConfigurationList;
			buildConfigurations = (
				84A6AE2D281BF46F00487733 /* Debug */,
				84A6AE2E281BF46F00487733 /* Release */,
			);
			defaultConfigurationIsVisible = 0;
			defaultConfigurationName = Release;
		};
		84A6AE2F281BF46F00487733 /* Build configuration list for PBXNativeTarget "MessengerTests" */ = {
			isa = XCConfigurationList;
			buildConfigurations = (
				84A6AE30281BF46F00487733 /* Debug */,
				84A6AE31281BF46F00487733 /* Release */,
			);
			defaultConfigurationIsVisible = 0;
			defaultConfigurationName = Release;
		};
		84A6AE32281BF46F00487733 /* Build configuration list for PBXNativeTarget "MessengerUITests" */ = {
			isa = XCConfigurationList;
			buildConfigurations = (
				84A6AE33281BF46F00487733 /* Debug */,
				84A6AE34281BF46F00487733 /* Release */,
			);
			defaultConfigurationIsVisible = 0;
			defaultConfigurationName = Release;
		};
/* End XCConfigurationList section */

/* Begin XCVersionGroup section */
		84A6AE0B281BF46900487733 /* Messenger.xcdatamodeld */ = {
			isa = XCVersionGroup;
			children = (
				84A6AE0C281BF46900487733 /* Messenger.xcdatamodel */,
			);
			currentVersion = 84A6AE0C281BF46900487733 /* Messenger.xcdatamodel */;
			path = Messenger.xcdatamodeld;
			sourceTree = "<group>";
			versionGroupType = wrapper.xcdatamodel;
		};
/* End XCVersionGroup section */
	};
	rootObject = 84A6ADF7281BF46900487733 /* Project object */;
}
